// !$*UTF8*$!
{
	archiveVersion = 1;
	classes = {
	};
	objectVersion = 50;
	objects = {

/* Begin PBXBuildFile section */
		FD1C48BF21B5BB6000FD55C8 /* UrlAppDelegate.m in Sources */ = {isa = PBXBuildFile; fileRef = FD1C48BE21B5BB6000FD55C8 /* UrlAppDelegate.m */; };
		FD1C48C721B5BB6100FD55C8 /* Assets.xcassets in Resources */ = {isa = PBXBuildFile; fileRef = FD1C48C621B5BB6100FD55C8 /* Assets.xcassets */; };
		FD1C48CA21B5BB6100FD55C8 /* LaunchScreen.storyboard in Resources */ = {isa = PBXBuildFile; fileRef = FD1C48C821B5BB6100FD55C8 /* LaunchScreen.storyboard */; };
		FD1C48CD21B5BB6100FD55C8 /* main.mm in Sources */ = {isa = PBXBuildFile; fileRef = FD1C48CC21B5BB6100FD55C8 /* main.mm */; };
		FD65B72321BC2E21001A56CE /* UrlViewController.m in Sources */ = {isa = PBXBuildFile; fileRef = FD65B72221BC2E21001A56CE /* UrlViewController.m */; };
		FD65B72921BC4645001A56CE /* CtrlAppDelegate.m in Sources */ = {isa = PBXBuildFile; fileRef = FD65B72821BC4645001A56CE /* CtrlAppDelegate.m */; };
		FD95BB3021BFAD46008F7FB6 /* AutoLayoutAppDelegate.m in Sources */ = {isa = PBXBuildFile; fileRef = FD95BB2F21BFAD46008F7FB6 /* AutoLayoutAppDelegate.m */; };
		FD95BB3321BFADCD008F7FB6 /* AutoLayoutViewController.m in Sources */ = {isa = PBXBuildFile; fileRef = FD95BB3221BFADCD008F7FB6 /* AutoLayoutViewController.m */; };
		FDFF04D622269DC70049E2E8 /* cpp.cpp in Sources */ = {isa = PBXBuildFile; fileRef = FDFF04D422269DC70049E2E8 /* cpp.cpp */; };
/* End PBXBuildFile section */

/* Begin PBXFileReference section */
		FD1C48BA21B5BB6000FD55C8 /* foundation.app */ = {isa = PBXFileReference; explicitFileType = wrapper.application; includeInIndex = 0; path = foundation.app; sourceTree = BUILT_PRODUCTS_DIR; };
		FD1C48BD21B5BB6000FD55C8 /* UrlAppDelegate.h */ = {isa = PBXFileReference; lastKnownFileType = sourcecode.c.h; path = UrlAppDelegate.h; sourceTree = "<group>"; };
		FD1C48BE21B5BB6000FD55C8 /* UrlAppDelegate.m */ = {isa = PBXFileReference; lastKnownFileType = sourcecode.c.objc; path = UrlAppDelegate.m; sourceTree = "<group>"; };
		FD1C48C621B5BB6100FD55C8 /* Assets.xcassets */ = {isa = PBXFileReference; lastKnownFileType = folder.assetcatalog; path = Assets.xcassets; sourceTree = "<group>"; };
		FD1C48C921B5BB6100FD55C8 /* Base */ = {isa = PBXFileReference; lastKnownFileType = file.storyboard; name = Base; path = Base.lproj/LaunchScreen.storyboard; sourceTree = "<group>"; };
		FD1C48CB21B5BB6100FD55C8 /* Info.plist */ = {isa = PBXFileReference; lastKnownFileType = text.plist.xml; path = Info.plist; sourceTree = "<group>"; };
		FD1C48CC21B5BB6100FD55C8 /* main.mm */ = {isa = PBXFileReference; lastKnownFileType = sourcecode.cpp.objcpp; path = main.mm; sourceTree = "<group>"; };
		FD65B72121BC2E21001A56CE /* UrlViewController.h */ = {isa = PBXFileReference; fileEncoding = 4; lastKnownFileType = sourcecode.c.h; path = UrlViewController.h; sourceTree = "<group>"; };
		FD65B72221BC2E21001A56CE /* UrlViewController.m */ = {isa = PBXFileReference; fileEncoding = 4; lastKnownFileType = sourcecode.c.objc; path = UrlViewController.m; sourceTree = "<group>"; };
		FD65B72721BC4637001A56CE /* CtrlAppDelegate.h */ = {isa = PBXFileReference; lastKnownFileType = sourcecode.c.h; path = CtrlAppDelegate.h; sourceTree = "<group>"; };
		FD65B72821BC4645001A56CE /* CtrlAppDelegate.m */ = {isa = PBXFileReference; lastKnownFileType = sourcecode.c.objc; path = CtrlAppDelegate.m; sourceTree = "<group>"; };
		FD95BB2E21BFAD36008F7FB6 /* AutoLayoutAppDelegate.h */ = {isa = PBXFileReference; lastKnownFileType = sourcecode.c.h; path = AutoLayoutAppDelegate.h; sourceTree = "<group>"; };
		FD95BB2F21BFAD46008F7FB6 /* AutoLayoutAppDelegate.m */ = {isa = PBXFileReference; lastKnownFileType = sourcecode.c.objc; path = AutoLayoutAppDelegate.m; sourceTree = "<group>"; };
		FD95BB3121BFADBB008F7FB6 /* AutoLayoutViewController.h */ = {isa = PBXFileReference; lastKnownFileType = sourcecode.c.h; path = AutoLayoutViewController.h; sourceTree = "<group>"; };
		FD95BB3221BFADCD008F7FB6 /* AutoLayoutViewController.m */ = {isa = PBXFileReference; lastKnownFileType = sourcecode.c.objc; path = AutoLayoutViewController.m; sourceTree = "<group>"; };
		FDFF04D422269DC70049E2E8 /* cpp.cpp */ = {isa = PBXFileReference; lastKnownFileType = sourcecode.cpp.cpp; path = cpp.cpp; sourceTree = "<group>"; };
		FDFF04D522269DC70049E2E8 /* cpp.hpp */ = {isa = PBXFileReference; lastKnownFileType = sourcecode.cpp.h; path = cpp.hpp; sourceTree = "<group>"; };
/* End PBXFileReference section */

/* Begin PBXFrameworksBuildPhase section */
		FD1C48B721B5BB6000FD55C8 /* Frameworks */ = {
			isa = PBXFrameworksBuildPhase;
			buildActionMask = 2147483647;
			files = (
			);
			runOnlyForDeploymentPostprocessing = 0;
		};
/* End PBXFrameworksBuildPhase section */

/* Begin PBXGroup section */
		FD1C48B121B5BB6000FD55C8 = {
			isa = PBXGroup;
			children = (
				FD1C48BC21B5BB6000FD55C8 /* foundation */,
				FD1C48BB21B5BB6000FD55C8 /* Products */,
			);
			sourceTree = "<group>";
		};
		FD1C48BB21B5BB6000FD55C8 /* Products */ = {
			isa = PBXGroup;
			children = (
				FD1C48BA21B5BB6000FD55C8 /* foundation.app */,
			);
			name = Products;
			sourceTree = "<group>";
		};
		FD1C48BC21B5BB6000FD55C8 /* foundation */ = {
			isa = PBXGroup;
			children = (
				FD95BB2D21BFAD08008F7FB6 /* autolayout */,
				FD65B72021BC2DFD001A56CE /* url */,
				FD65B71B21BC2D48001A56CE /* control */,
				FD1C48C621B5BB6100FD55C8 /* Assets.xcassets */,
				FD1C48C821B5BB6100FD55C8 /* LaunchScreen.storyboard */,
				FD1C48CB21B5BB6100FD55C8 /* Info.plist */,
				FD1C48CC21B5BB6100FD55C8 /* main.mm */,
				FDFF04D422269DC70049E2E8 /* cpp.cpp */,
				FDFF04D522269DC70049E2E8 /* cpp.hpp */,
			);
			path = foundation;
			sourceTree = "<group>";
		};
		FD65B71B21BC2D48001A56CE /* control */ = {
			isa = PBXGroup;
			children = (
				FD65B72721BC4637001A56CE /* CtrlAppDelegate.h */,
				FD65B72821BC4645001A56CE /* CtrlAppDelegate.m */,
			);
			path = control;
			sourceTree = "<group>";
		};
		FD65B72021BC2DFD001A56CE /* url */ = {
			isa = PBXGroup;
			children = (
				FD1C48BD21B5BB6000FD55C8 /* UrlAppDelegate.h */,
				FD1C48BE21B5BB6000FD55C8 /* UrlAppDelegate.m */,
				FD65B72221BC2E21001A56CE /* UrlViewController.m */,
				FD65B72121BC2E21001A56CE /* UrlViewController.h */,
			);
			path = url;
			sourceTree = "<group>";
		};
		FD95BB2D21BFAD08008F7FB6 /* autolayout */ = {
			isa = PBXGroup;
			children = (
				FD95BB2E21BFAD36008F7FB6 /* AutoLayoutAppDelegate.h */,
				FD95BB2F21BFAD46008F7FB6 /* AutoLayoutAppDelegate.m */,
				FD95BB3121BFADBB008F7FB6 /* AutoLayoutViewController.h */,
				FD95BB3221BFADCD008F7FB6 /* AutoLayoutViewController.m */,
			);
			path = autolayout;
			sourceTree = "<group>";
		};
/* End PBXGroup section */

/* Begin PBXNativeTarget section */
		FD1C48B921B5BB6000FD55C8 /* foundation */ = {
			isa = PBXNativeTarget;
			buildConfigurationList = FD1C48D021B5BB6100FD55C8 /* Build configuration list for PBXNativeTarget "foundation" */;
			buildPhases = (
				FD1C48B621B5BB6000FD55C8 /* Sources */,
				FD1C48B721B5BB6000FD55C8 /* Frameworks */,
				FD1C48B821B5BB6000FD55C8 /* Resources */,
			);
			buildRules = (
			);
			dependencies = (
			);
			name = foundation;
			productName = foundation;
			productReference = FD1C48BA21B5BB6000FD55C8 /* foundation.app */;
			productType = "com.apple.product-type.application";
		};
/* End PBXNativeTarget section */

/* Begin PBXProject section */
		FD1C48B221B5BB6000FD55C8 /* Project object */ = {
			isa = PBXProject;
			attributes = {
				LastUpgradeCheck = 1010;
				ORGANIZATIONNAME = google;
				TargetAttributes = {
					FD1C48B921B5BB6000FD55C8 = {
						CreatedOnToolsVersion = 10.1;
					};
				};
			};
			buildConfigurationList = FD1C48B521B5BB6000FD55C8 /* Build configuration list for PBXProject "foundation" */;
			compatibilityVersion = "Xcode 9.3";
			developmentRegion = en;
			hasScannedForEncodings = 0;
			knownRegions = (
				en,
				Base,
			);
			mainGroup = FD1C48B121B5BB6000FD55C8;
			productRefGroup = FD1C48BB21B5BB6000FD55C8 /* Products */;
			projectDirPath = "";
			projectRoot = "";
			targets = (
				FD1C48B921B5BB6000FD55C8 /* foundation */,
			);
		};
/* End PBXProject section */

/* Begin PBXResourcesBuildPhase section */
		FD1C48B821B5BB6000FD55C8 /* Resources */ = {
			isa = PBXResourcesBuildPhase;
			buildActionMask = 2147483647;
			files = (
				FD1C48CA21B5BB6100FD55C8 /* LaunchScreen.storyboard in Resources */,
				FD1C48C721B5BB6100FD55C8 /* Assets.xcassets in Resources */,
			);
			runOnlyForDeploymentPostprocessing = 0;
		};
/* End PBXResourcesBuildPhase section */

/* Begin PBXSourcesBuildPhase section */
		FD1C48B621B5BB6000FD55C8 /* Sources */ = {
			isa = PBXSourcesBuildPhase;
			buildActionMask = 2147483647;
			files = (
				FD65B72321BC2E21001A56CE /* UrlViewController.m in Sources */,
				FD1C48CD21B5BB6100FD55C8 /* main.mm in Sources */,
				FD1C48BF21B5BB6000FD55C8 /* UrlAppDelegate.m in Sources */,
				FDFF04D622269DC70049E2E8 /* cpp.cpp in Sources */,
				FD95BB3321BFADCD008F7FB6 /* AutoLayoutViewController.m in Sources */,
				FD65B72921BC4645001A56CE /* CtrlAppDelegate.m in Sources */,
				FD95BB3021BFAD46008F7FB6 /* AutoLayoutAppDelegate.m in Sources */,
			);
			runOnlyForDeploymentPostprocessing = 0;
		};
/* End PBXSourcesBuildPhase section */

/* Begin PBXVariantGroup section */
		FD1C48C821B5BB6100FD55C8 /* LaunchScreen.storyboard */ = {
			isa = PBXVariantGroup;
			children = (
				FD1C48C921B5BB6100FD55C8 /* Base */,
			);
			name = LaunchScreen.storyboard;
			sourceTree = "<group>";
		};
/* End PBXVariantGroup section */

/* Begin XCBuildConfiguration section */
		FD1C48CE21B5BB6100FD55C8 /* Debug */ = {
			isa = XCBuildConfiguration;
			buildSettings = {
				ALWAYS_SEARCH_USER_PATHS = NO;
				CLANG_ANALYZER_NONNULL = YES;
				CLANG_ANALYZER_NUMBER_OBJECT_CONVERSION = YES_AGGRESSIVE;
				CLANG_CXX_LANGUAGE_STANDARD = "gnu++14";
				CLANG_CXX_LIBRARY = "libc++";
				CLANG_ENABLE_MODULES = YES;
				CLANG_ENABLE_OBJC_ARC = YES;
				CLANG_ENABLE_OBJC_WEAK = YES;
				CLANG_WARN_BLOCK_CAPTURE_AUTORELEASING = YES;
				CLANG_WARN_BOOL_CONVERSION = YES;
				CLANG_WARN_COMMA = YES;
				CLANG_WARN_CONSTANT_CONVERSION = YES;
				CLANG_WARN_DEPRECATED_OBJC_IMPLEMENTATIONS = YES;
				CLANG_WARN_DIRECT_OBJC_ISA_USAGE = YES_ERROR;
				CLANG_WARN_DOCUMENTATION_COMMENTS = YES;
				CLANG_WARN_EMPTY_BODY = YES;
				CLANG_WARN_ENUM_CONVERSION = YES;
				CLANG_WARN_INFINITE_RECURSION = YES;
				CLANG_WARN_INT_CONVERSION = YES;
				CLANG_WARN_NON_LITERAL_NULL_CONVERSION = YES;
				CLANG_WARN_OBJC_IMPLICIT_RETAIN_SELF = YES;
				CLANG_WARN_OBJC_LITERAL_CONVERSION = YES;
				CLANG_WARN_OBJC_ROOT_CLASS = YES_ERROR;
				CLANG_WARN_RANGE_LOOP_ANALYSIS = YES;
				CLANG_WARN_STRICT_PROTOTYPES = YES;
				CLANG_WARN_SUSPICIOUS_MOVE = YES;
				CLANG_WARN_UNGUARDED_AVAILABILITY = YES_AGGRESSIVE;
				CLANG_WARN_UNREACHABLE_CODE = YES;
				CLANG_WARN__DUPLICATE_METHOD_MATCH = YES;
				CODE_SIGN_IDENTITY = "iPhone Developer";
				COPY_PHASE_STRIP = NO;
				DEBUG_INFORMATION_FORMAT = dwarf;
				ENABLE_STRICT_OBJC_MSGSEND = YES;
				ENABLE_TESTABILITY = YES;
				GCC_C_LANGUAGE_STANDARD = gnu11;
				GCC_DYNAMIC_NO_PIC = NO;
				GCC_NO_COMMON_BLOCKS = YES;
				GCC_OPTIMIZATION_LEVEL = 0;
				GCC_PREPROCESSOR_DEFINITIONS = (
					"DEBUG=1",
					"$(inherited)",
				);
				GCC_WARN_64_TO_32_BIT_CONVERSION = YES;
				GCC_WARN_ABOUT_RETURN_TYPE = YES_ERROR;
				GCC_WARN_UNDECLARED_SELECTOR = YES;
				GCC_WARN_UNINITIALIZED_AUTOS = YES_AGGRESSIVE;
				GCC_WARN_UNUSED_FUNCTION = YES;
				GCC_WARN_UNUSED_VARIABLE = YES;
				IPHONEOS_DEPLOYMENT_TARGET = 12.1;
				MTL_ENABLE_DEBUG_INFO = INCLUDE_SOURCE;
				MTL_FAST_MATH = YES;
				ONLY_ACTIVE_ARCH = YES;
				SDKROOT = iphoneos;
			};
			name = Debug;
		};
		FD1C48CF21B5BB6100FD55C8 /* Release */ = {
			isa = XCBuildConfiguration;
			buildSettings = {
				ALWAYS_SEARCH_USER_PATHS = NO;
				CLANG_ANALYZER_NONNULL = YES;
				CLANG_ANALYZER_NUMBER_OBJECT_CONVERSION = YES_AGGRESSIVE;
				CLANG_CXX_LANGUAGE_STANDARD = "gnu++14";
				CLANG_CXX_LIBRARY = "libc++";
				CLANG_ENABLE_MODULES = YES;
				CLANG_ENABLE_OBJC_ARC = YES;
				CLANG_ENABLE_OBJC_WEAK = YES;
				CLANG_WARN_BLOCK_CAPTURE_AUTORELEASING = YES;
				CLANG_WARN_BOOL_CONVERSION = YES;
				CLANG_WARN_COMMA = YES;
				CLANG_WARN_CONSTANT_CONVERSION = YES;
				CLANG_WARN_DEPRECATED_OBJC_IMPLEMENTATIONS = YES;
				CLANG_WARN_DIRECT_OBJC_ISA_USAGE = YES_ERROR;
				CLANG_WARN_DOCUMENTATION_COMMENTS = YES;
				CLANG_WARN_EMPTY_BODY = YES;
				CLANG_WARN_ENUM_CONVERSION = YES;
				CLANG_WARN_INFINITE_RECURSION = YES;
				CLANG_WARN_INT_CONVERSION = YES;
				CLANG_WARN_NON_LITERAL_NULL_CONVERSION = YES;
				CLANG_WARN_OBJC_IMPLICIT_RETAIN_SELF = YES;
				CLANG_WARN_OBJC_LITERAL_CONVERSION = YES;
				CLANG_WARN_OBJC_ROOT_CLASS = YES_ERROR;
				CLANG_WARN_RANGE_LOOP_ANALYSIS = YES;
				CLANG_WARN_STRICT_PROTOTYPES = YES;
				CLANG_WARN_SUSPICIOUS_MOVE = YES;
				CLANG_WARN_UNGUARDED_AVAILABILITY = YES_AGGRESSIVE;
				CLANG_WARN_UNREACHABLE_CODE = YES;
				CLANG_WARN__DUPLICATE_METHOD_MATCH = YES;
				CODE_SIGN_IDENTITY = "iPhone Developer";
				COPY_PHASE_STRIP = NO;
				DEBUG_INFORMATION_FORMAT = "dwarf-with-dsym";
				ENABLE_NS_ASSERTIONS = NO;
				ENABLE_STRICT_OBJC_MSGSEND = YES;
				GCC_C_LANGUAGE_STANDARD = gnu11;
				GCC_NO_COMMON_BLOCKS = YES;
				GCC_WARN_64_TO_32_BIT_CONVERSION = YES;
				GCC_WARN_ABOUT_RETURN_TYPE = YES_ERROR;
				GCC_WARN_UNDECLARED_SELECTOR = YES;
				GCC_WARN_UNINITIALIZED_AUTOS = YES_AGGRESSIVE;
				GCC_WARN_UNUSED_FUNCTION = YES;
				GCC_WARN_UNUSED_VARIABLE = YES;
				IPHONEOS_DEPLOYMENT_TARGET = 12.1;
				MTL_ENABLE_DEBUG_INFO = NO;
				MTL_FAST_MATH = YES;
				SDKROOT = iphoneos;
				VALIDATE_PRODUCT = YES;
			};
			name = Release;
		};
		FD1C48D121B5BB6100FD55C8 /* Debug */ = {
			isa = XCBuildConfiguration;
			buildSettings = {
				ASSETCATALOG_COMPILER_APPICON_NAME = AppIcon;
				CODE_SIGN_STYLE = Automatic;
				DEVELOPMENT_TEAM = D528WGC5JH;
				INFOPLIST_FILE = foundation/Info.plist;
				LD_RUNPATH_SEARCH_PATHS = (
					"$(inherited)",
					"@executable_path/Frameworks",
				);
				PRODUCT_BUNDLE_IDENTIFIER = com.google.mrsuyi.foundation;
				PRODUCT_NAME = "$(TARGET_NAME)";
				TARGETED_DEVICE_FAMILY = "1,2";
			};
			name = Debug;
		};
		FD1C48D221B5BB6100FD55C8 /* Release */ = {
			isa = XCBuildConfiguration;
			buildSettings = {
				ASSETCATALOG_COMPILER_APPICON_NAME = AppIcon;
				CODE_SIGN_STYLE = Automatic;
				DEVELOPMENT_TEAM = D528WGC5JH;
				INFOPLIST_FILE = foundation/Info.plist;
				LD_RUNPATH_SEARCH_PATHS = (
					"$(inherited)",
					"@executable_path/Frameworks",
				);
				PRODUCT_BUNDLE_IDENTIFIER = com.google.mrsuyi.foundation;
				PRODUCT_NAME = "$(TARGET_NAME)";
				TARGETED_DEVICE_FAMILY = "1,2";
			};
			name = Release;
		};
/* End XCBuildConfiguration section */

/* Begin XCConfigurationList section */
		FD1C48B521B5BB6000FD55C8 /* Build configuration list for PBXProject "foundation" */ = {
			isa = XCConfigurationList;
			buildConfigurations = (
				FD1C48CE21B5BB6100FD55C8 /* Debug */,
				FD1C48CF21B5BB6100FD55C8 /* Release */,
			);
			defaultConfigurationIsVisible = 0;
			defaultConfigurationName = Release;
		};
		FD1C48D021B5BB6100FD55C8 /* Build configuration list for PBXNativeTarget "foundation" */ = {
			isa = XCConfigurationList;
			buildConfigurations = (
				FD1C48D121B5BB6100FD55C8 /* Debug */,
				FD1C48D221B5BB6100FD55C8 /* Release */,
			);
			defaultConfigurationIsVisible = 0;
			defaultConfigurationName = Release;
		};
/* End XCConfigurationList section */
	};
	rootObject = FD1C48B221B5BB6000FD55C8 /* Project object */;
}
