// !$*UTF8*$!
{
	archiveVersion = 1;
	classes = {
	};
	objectVersion = 50;
	objects = {

/* Begin PBXBuildFile section */
		FD1C488521B3F16600FD55C8 /* Assets.xcassets in Resources */ = {isa = PBXBuildFile; fileRef = FD1C488421B3F16600FD55C8 /* Assets.xcassets */; };
		FD1C488821B3F16600FD55C8 /* LaunchScreen.storyboard in Resources */ = {isa = PBXBuildFile; fileRef = FD1C488621B3F16600FD55C8 /* LaunchScreen.storyboard */; };
		FD1C488B21B3F16600FD55C8 /* main.m in Sources */ = {isa = PBXBuildFile; fileRef = FD1C488A21B3F16600FD55C8 /* main.m */; };
		FD8CA8EF21E78525004499AF /* BasicAppDelegate.m in Sources */ = {isa = PBXBuildFile; fileRef = FD8CA8EE21E78525004499AF /* BasicAppDelegate.m */; };
		FD8CA8F121E78566004499AF /* BasicViewController.m in Sources */ = {isa = PBXBuildFile; fileRef = FD8CA8F021E78566004499AF /* BasicViewController.m */; };
		FD8CA8F321E786DD004499AF /* m.png in Resources */ = {isa = PBXBuildFile; fileRef = FD8CA8F221E786DC004499AF /* m.png */; };
		FD8CA8F821E79C9D004499AF /* CollectionViewAppDelegate.m in Sources */ = {isa = PBXBuildFile; fileRef = FD8CA8F721E79C9D004499AF /* CollectionViewAppDelegate.m */; };
		FD8CA8FA21E79CC4004499AF /* CollectionViewController.m in Sources */ = {isa = PBXBuildFile; fileRef = FD8CA8F921E79CC4004499AF /* CollectionViewController.m */; };
		FD8CA8FD21E7AA80004499AF /* CollectionViewCell.m in Sources */ = {isa = PBXBuildFile; fileRef = FD8CA8FC21E7AA80004499AF /* CollectionViewCell.m */; };
		FD8CA90021E7B6B1004499AF /* CollectionViewFlowLayout.m in Sources */ = {isa = PBXBuildFile; fileRef = FD8CA8FF21E7B6B1004499AF /* CollectionViewFlowLayout.m */; };
		FDD1688121C15C1300A9F37F /* TableViewAppDelegate.m in Sources */ = {isa = PBXBuildFile; fileRef = FDD1688021C15C1300A9F37F /* TableViewAppDelegate.m */; };
		FDD1688221C15C2800A9F37F /* TableViewController.m in Sources */ = {isa = PBXBuildFile; fileRef = FD1C48AC21B418C200FD55C8 /* TableViewController.m */; };
		FDD1688321C15C2F00A9F37F /* ResultController.m in Sources */ = {isa = PBXBuildFile; fileRef = FD1C48AF21B4557A00FD55C8 /* ResultController.m */; };
		FDD1688621C15F9A00A9F37F /* BarButtonItem.m in Sources */ = {isa = PBXBuildFile; fileRef = FDD1688521C15F9A00A9F37F /* BarButtonItem.m */; };
		FDD1688A21CBF1D400A9F37F /* ToolbarAppDelegate.m in Sources */ = {isa = PBXBuildFile; fileRef = FDD1688921CBF1D400A9F37F /* ToolbarAppDelegate.m */; };
		FDD1688F21CBF21500A9F37F /* ToolbarViewController.m in Sources */ = {isa = PBXBuildFile; fileRef = FDD1688E21CBF21500A9F37F /* ToolbarViewController.m */; };
		FDD1689121CBFF3100A9F37F /* chrome_32_32.png in Resources */ = {isa = PBXBuildFile; fileRef = FDD1689021CBFF3100A9F37F /* chrome_32_32.png */; };
		FDD1689321CCFDF100A9F37F /* new_tab.png in Resources */ = {isa = PBXBuildFile; fileRef = FDD1689221CCFDF100A9F37F /* new_tab.png */; };
		FDD1689521CD16DD00A9F37F /* new_tab_2.png in Resources */ = {isa = PBXBuildFile; fileRef = FDD1689421CD16DD00A9F37F /* new_tab_2.png */; };
		FDD1689721DE413800A9F37F /* new_tab_incognito.png in Resources */ = {isa = PBXBuildFile; fileRef = FDD1689621DE413800A9F37F /* new_tab_incognito.png */; };
		FDE18EA321ECC48C00EEECCB /* Button.m in Sources */ = {isa = PBXBuildFile; fileRef = FDE18EA221ECC48B00EEECCB /* Button.m */; };
/* End PBXBuildFile section */

/* Begin PBXFileReference section */
		FD1C487821B3F16400FD55C8 /* uikit.app */ = {isa = PBXFileReference; explicitFileType = wrapper.application; includeInIndex = 0; path = uikit.app; sourceTree = BUILT_PRODUCTS_DIR; };
		FD1C488421B3F16600FD55C8 /* Assets.xcassets */ = {isa = PBXFileReference; lastKnownFileType = folder.assetcatalog; path = Assets.xcassets; sourceTree = "<group>"; };
		FD1C488721B3F16600FD55C8 /* Base */ = {isa = PBXFileReference; lastKnownFileType = file.storyboard; name = Base; path = Base.lproj/LaunchScreen.storyboard; sourceTree = "<group>"; };
		FD1C488921B3F16600FD55C8 /* Info.plist */ = {isa = PBXFileReference; lastKnownFileType = text.plist.xml; path = Info.plist; sourceTree = "<group>"; };
		FD1C488A21B3F16600FD55C8 /* main.m */ = {isa = PBXFileReference; lastKnownFileType = sourcecode.c.objc; path = main.m; sourceTree = "<group>"; };
		FD1C48AB21B4189E00FD55C8 /* TableViewController.h */ = {isa = PBXFileReference; lastKnownFileType = sourcecode.c.h; path = TableViewController.h; sourceTree = "<group>"; };
		FD1C48AC21B418C200FD55C8 /* TableViewController.m */ = {isa = PBXFileReference; lastKnownFileType = sourcecode.c.objc; path = TableViewController.m; sourceTree = "<group>"; };
		FD1C48AE21B4556B00FD55C8 /* ResultController.h */ = {isa = PBXFileReference; lastKnownFileType = sourcecode.c.h; path = ResultController.h; sourceTree = "<group>"; };
		FD1C48AF21B4557A00FD55C8 /* ResultController.m */ = {isa = PBXFileReference; lastKnownFileType = sourcecode.c.objc; path = ResultController.m; sourceTree = "<group>"; };
		FD8CA8EC21E784F4004499AF /* BasicAppDelegate.h */ = {isa = PBXFileReference; lastKnownFileType = sourcecode.c.h; path = BasicAppDelegate.h; sourceTree = "<group>"; };
		FD8CA8ED21E78511004499AF /* BasicViewController.h */ = {isa = PBXFileReference; lastKnownFileType = sourcecode.c.h; path = BasicViewController.h; sourceTree = "<group>"; };
		FD8CA8EE21E78525004499AF /* BasicAppDelegate.m */ = {isa = PBXFileReference; lastKnownFileType = sourcecode.c.objc; path = BasicAppDelegate.m; sourceTree = "<group>"; };
		FD8CA8F021E78566004499AF /* BasicViewController.m */ = {isa = PBXFileReference; lastKnownFileType = sourcecode.c.objc; path = BasicViewController.m; sourceTree = "<group>"; };
		FD8CA8F221E786DC004499AF /* m.png */ = {isa = PBXFileReference; lastKnownFileType = image.png; path = m.png; sourceTree = "<group>"; };
		FD8CA8F521E79C68004499AF /* CollectionViewAppDelegate.h */ = {isa = PBXFileReference; lastKnownFileType = sourcecode.c.h; path = CollectionViewAppDelegate.h; sourceTree = "<group>"; };
		FD8CA8F621E79C82004499AF /* CollectionViewController.h */ = {isa = PBXFileReference; lastKnownFileType = sourcecode.c.h; path = CollectionViewController.h; sourceTree = "<group>"; };
		FD8CA8F721E79C9D004499AF /* CollectionViewAppDelegate.m */ = {isa = PBXFileReference; lastKnownFileType = sourcecode.c.objc; path = CollectionViewAppDelegate.m; sourceTree = "<group>"; };
		FD8CA8F921E79CC4004499AF /* CollectionViewController.m */ = {isa = PBXFileReference; lastKnownFileType = sourcecode.c.objc; path = CollectionViewController.m; sourceTree = "<group>"; };
		FD8CA8FB21E7AA6E004499AF /* CollectionViewCell.h */ = {isa = PBXFileReference; lastKnownFileType = sourcecode.c.h; path = CollectionViewCell.h; sourceTree = "<group>"; };
		FD8CA8FC21E7AA80004499AF /* CollectionViewCell.m */ = {isa = PBXFileReference; lastKnownFileType = sourcecode.c.objc; path = CollectionViewCell.m; sourceTree = "<group>"; };
		FD8CA8FE21E7B696004499AF /* CollectionViewFlowLayout.h */ = {isa = PBXFileReference; lastKnownFileType = sourcecode.c.h; path = CollectionViewFlowLayout.h; sourceTree = "<group>"; };
		FD8CA8FF21E7B6B1004499AF /* CollectionViewFlowLayout.m */ = {isa = PBXFileReference; lastKnownFileType = sourcecode.c.objc; path = CollectionViewFlowLayout.m; sourceTree = "<group>"; };
		FDD1687F21C15C0100A9F37F /* TableViewAppDelegate.h */ = {isa = PBXFileReference; lastKnownFileType = sourcecode.c.h; path = TableViewAppDelegate.h; sourceTree = "<group>"; };
		FDD1688021C15C1300A9F37F /* TableViewAppDelegate.m */ = {isa = PBXFileReference; lastKnownFileType = sourcecode.c.objc; path = TableViewAppDelegate.m; sourceTree = "<group>"; };
		FDD1688421C15F8400A9F37F /* BarButtonItem.h */ = {isa = PBXFileReference; lastKnownFileType = sourcecode.c.h; path = BarButtonItem.h; sourceTree = "<group>"; };
		FDD1688521C15F9A00A9F37F /* BarButtonItem.m */ = {isa = PBXFileReference; lastKnownFileType = sourcecode.c.objc; path = BarButtonItem.m; sourceTree = "<group>"; };
		FDD1688821CBF1C300A9F37F /* ToolbarAppDelegate.h */ = {isa = PBXFileReference; lastKnownFileType = sourcecode.c.h; path = ToolbarAppDelegate.h; sourceTree = "<group>"; };
		FDD1688921CBF1D400A9F37F /* ToolbarAppDelegate.m */ = {isa = PBXFileReference; lastKnownFileType = sourcecode.c.objc; path = ToolbarAppDelegate.m; sourceTree = "<group>"; };
		FDD1688D21CBF20600A9F37F /* ToolbarViewController.h */ = {isa = PBXFileReference; lastKnownFileType = sourcecode.c.h; path = ToolbarViewController.h; sourceTree = "<group>"; };
		FDD1688E21CBF21500A9F37F /* ToolbarViewController.m */ = {isa = PBXFileReference; lastKnownFileType = sourcecode.c.objc; path = ToolbarViewController.m; sourceTree = "<group>"; };
		FDD1689021CBFF3100A9F37F /* chrome_32_32.png */ = {isa = PBXFileReference; lastKnownFileType = image.png; path = chrome_32_32.png; sourceTree = "<group>"; };
		FDD1689221CCFDF100A9F37F /* new_tab.png */ = {isa = PBXFileReference; lastKnownFileType = image.png; path = new_tab.png; sourceTree = "<group>"; };
		FDD1689421CD16DD00A9F37F /* new_tab_2.png */ = {isa = PBXFileReference; lastKnownFileType = image.png; path = new_tab_2.png; sourceTree = "<group>"; };
		FDD1689621DE413800A9F37F /* new_tab_incognito.png */ = {isa = PBXFileReference; lastKnownFileType = image.png; path = new_tab_incognito.png; sourceTree = "<group>"; };
		FDE18EA221ECC48B00EEECCB /* Button.m */ = {isa = PBXFileReference; lastKnownFileType = sourcecode.c.objc; path = Button.m; sourceTree = "<group>"; };
		FDE18EA421ECC4A800EEECCB /* Button.h */ = {isa = PBXFileReference; lastKnownFileType = sourcecode.c.h; path = Button.h; sourceTree = "<group>"; };
/* End PBXFileReference section */

/* Begin PBXFrameworksBuildPhase section */
		FD1C487521B3F16400FD55C8 /* Frameworks */ = {
			isa = PBXFrameworksBuildPhase;
			buildActionMask = 2147483647;
			files = (
			);
			runOnlyForDeploymentPostprocessing = 0;
		};
/* End PBXFrameworksBuildPhase section */

/* Begin PBXGroup section */
		FD1C486F21B3F16400FD55C8 = {
			isa = PBXGroup;
			children = (
				FD1C487A21B3F16400FD55C8 /* uikit */,
				FD1C487921B3F16400FD55C8 /* Products */,
			);
			sourceTree = "<group>";
		};
		FD1C487921B3F16400FD55C8 /* Products */ = {
			isa = PBXGroup;
			children = (
				FD1C487821B3F16400FD55C8 /* uikit.app */,
			);
			name = Products;
			sourceTree = "<group>";
		};
		FD1C487A21B3F16400FD55C8 /* uikit */ = {
			isa = PBXGroup;
			children = (
				FD8CA8F421E79C49004499AF /* collection_view */,
				FD8CA8EB21E78496004499AF /* basic */,
				FDD1688721CBF0D600A9F37F /* toolbar */,
				FDD1687E21C15BC400A9F37F /* table_view */,
				FD1C488421B3F16600FD55C8 /* Assets.xcassets */,
				FD1C488621B3F16600FD55C8 /* LaunchScreen.storyboard */,
				FD1C488921B3F16600FD55C8 /* Info.plist */,
				FD1C488A21B3F16600FD55C8 /* main.m */,
			);
			path = uikit;
			sourceTree = "<group>";
		};
		FD8CA8EB21E78496004499AF /* basic */ = {
			isa = PBXGroup;
			children = (
				FD8CA8EC21E784F4004499AF /* BasicAppDelegate.h */,
				FD8CA8EE21E78525004499AF /* BasicAppDelegate.m */,
				FD8CA8ED21E78511004499AF /* BasicViewController.h */,
				FD8CA8F021E78566004499AF /* BasicViewController.m */,
				FD8CA8F221E786DC004499AF /* m.png */,
				FDE18EA421ECC4A800EEECCB /* Button.h */,
				FDE18EA221ECC48B00EEECCB /* Button.m */,
			);
			path = basic;
			sourceTree = "<group>";
		};
		FD8CA8F421E79C49004499AF /* collection_view */ = {
			isa = PBXGroup;
			children = (
				FD8CA8F521E79C68004499AF /* CollectionViewAppDelegate.h */,
				FD8CA8F721E79C9D004499AF /* CollectionViewAppDelegate.m */,
				FD8CA8F621E79C82004499AF /* CollectionViewController.h */,
				FD8CA8F921E79CC4004499AF /* CollectionViewController.m */,
				FD8CA8FB21E7AA6E004499AF /* CollectionViewCell.h */,
				FD8CA8FC21E7AA80004499AF /* CollectionViewCell.m */,
				FD8CA8FE21E7B696004499AF /* CollectionViewFlowLayout.h */,
				FD8CA8FF21E7B6B1004499AF /* CollectionViewFlowLayout.m */,
			);
			path = collection_view;
			sourceTree = "<group>";
		};
		FDD1687E21C15BC400A9F37F /* table_view */ = {
			isa = PBXGroup;
			children = (
				FD1C48AB21B4189E00FD55C8 /* TableViewController.h */,
				FD1C48AC21B418C200FD55C8 /* TableViewController.m */,
				FD1C48AE21B4556B00FD55C8 /* ResultController.h */,
				FD1C48AF21B4557A00FD55C8 /* ResultController.m */,
				FDD1687F21C15C0100A9F37F /* TableViewAppDelegate.h */,
				FDD1688021C15C1300A9F37F /* TableViewAppDelegate.m */,
				FDD1688421C15F8400A9F37F /* BarButtonItem.h */,
				FDD1688521C15F9A00A9F37F /* BarButtonItem.m */,
			);
			path = table_view;
			sourceTree = "<group>";
		};
		FDD1688721CBF0D600A9F37F /* toolbar */ = {
			isa = PBXGroup;
			children = (
				FDD1689221CCFDF100A9F37F /* new_tab.png */,
				FDD1689621DE413800A9F37F /* new_tab_incognito.png */,
				FDD1689021CBFF3100A9F37F /* chrome_32_32.png */,
				FDD1689421CD16DD00A9F37F /* new_tab_2.png */,
				FDD1688821CBF1C300A9F37F /* ToolbarAppDelegate.h */,
				FDD1688921CBF1D400A9F37F /* ToolbarAppDelegate.m */,
				FDD1688D21CBF20600A9F37F /* ToolbarViewController.h */,
				FDD1688E21CBF21500A9F37F /* ToolbarViewController.m */,
			);
			path = toolbar;
			sourceTree = "<group>";
		};
/* End PBXGroup section */

/* Begin PBXNativeTarget section */
		FD1C487721B3F16400FD55C8 /* uikit */ = {
			isa = PBXNativeTarget;
			buildConfigurationList = FD1C488E21B3F16600FD55C8 /* Build configuration list for PBXNativeTarget "uikit" */;
			buildPhases = (
				FD1C487421B3F16400FD55C8 /* Sources */,
				FD1C487521B3F16400FD55C8 /* Frameworks */,
				FD1C487621B3F16400FD55C8 /* Resources */,
			);
			buildRules = (
			);
			dependencies = (
			);
			name = uikit;
			productName = uikit;
			productReference = FD1C487821B3F16400FD55C8 /* uikit.app */;
			productType = "com.apple.product-type.application";
		};
/* End PBXNativeTarget section */

/* Begin PBXProject section */
		FD1C487021B3F16400FD55C8 /* Project object */ = {
			isa = PBXProject;
			attributes = {
				LastUpgradeCheck = 1010;
				ORGANIZATIONNAME = google;
				TargetAttributes = {
					FD1C487721B3F16400FD55C8 = {
						CreatedOnToolsVersion = 10.1;
					};
				};
			};
			buildConfigurationList = FD1C487321B3F16400FD55C8 /* Build configuration list for PBXProject "uikit" */;
			compatibilityVersion = "Xcode 9.3";
			developmentRegion = en;
			hasScannedForEncodings = 0;
			knownRegions = (
				en,
				Base,
			);
			mainGroup = FD1C486F21B3F16400FD55C8;
			productRefGroup = FD1C487921B3F16400FD55C8 /* Products */;
			projectDirPath = "";
			projectRoot = "";
			targets = (
				FD1C487721B3F16400FD55C8 /* uikit */,
			);
		};
/* End PBXProject section */

/* Begin PBXResourcesBuildPhase section */
		FD1C487621B3F16400FD55C8 /* Resources */ = {
			isa = PBXResourcesBuildPhase;
			buildActionMask = 2147483647;
			files = (
				FDD1689121CBFF3100A9F37F /* chrome_32_32.png in Resources */,
				FD1C488821B3F16600FD55C8 /* LaunchScreen.storyboard in Resources */,
				FDD1689321CCFDF100A9F37F /* new_tab.png in Resources */,
				FD8CA8F321E786DD004499AF /* m.png in Resources */,
				FDD1689521CD16DD00A9F37F /* new_tab_2.png in Resources */,
				FD1C488521B3F16600FD55C8 /* Assets.xcassets in Resources */,
				FDD1689721DE413800A9F37F /* new_tab_incognito.png in Resources */,
			);
			runOnlyForDeploymentPostprocessing = 0;
		};
/* End PBXResourcesBuildPhase section */

/* Begin PBXSourcesBuildPhase section */
		FD1C487421B3F16400FD55C8 /* Sources */ = {
			isa = PBXSourcesBuildPhase;
			buildActionMask = 2147483647;
			files = (
				FDD1688121C15C1300A9F37F /* TableViewAppDelegate.m in Sources */,
				FDE18EA321ECC48C00EEECCB /* Button.m in Sources */,
				FD8CA90021E7B6B1004499AF /* CollectionViewFlowLayout.m in Sources */,
				FD8CA8F821E79C9D004499AF /* CollectionViewAppDelegate.m in Sources */,
				FDD1688621C15F9A00A9F37F /* BarButtonItem.m in Sources */,
				FDD1688A21CBF1D400A9F37F /* ToolbarAppDelegate.m in Sources */,
				FD8CA8EF21E78525004499AF /* BasicAppDelegate.m in Sources */,
				FDD1688321C15C2F00A9F37F /* ResultController.m in Sources */,
				FD8CA8FD21E7AA80004499AF /* CollectionViewCell.m in Sources */,
				FD8CA8F121E78566004499AF /* BasicViewController.m in Sources */,
				FD1C488B21B3F16600FD55C8 /* main.m in Sources */,
				FDD1688221C15C2800A9F37F /* TableViewController.m in Sources */,
				FD8CA8FA21E79CC4004499AF /* CollectionViewController.m in Sources */,
				FDD1688F21CBF21500A9F37F /* ToolbarViewController.m in Sources */,
			);
			runOnlyForDeploymentPostprocessing = 0;
		};
/* End PBXSourcesBuildPhase section */

/* Begin PBXVariantGroup section */
		FD1C488621B3F16600FD55C8 /* LaunchScreen.storyboard */ = {
			isa = PBXVariantGroup;
			children = (
				FD1C488721B3F16600FD55C8 /* Base */,
			);
			name = LaunchScreen.storyboard;
			sourceTree = "<group>";
		};
/* End PBXVariantGroup section */

/* Begin XCBuildConfiguration section */
		FD1C488C21B3F16600FD55C8 /* Debug */ = {
			isa = XCBuildConfiguration;
			buildSettings = {
				ALWAYS_SEARCH_USER_PATHS = NO;
				CLANG_ANALYZER_NONNULL = YES;
				CLANG_ANALYZER_NUMBER_OBJECT_CONVERSION = YES_AGGRESSIVE;
				CLANG_CXX_LANGUAGE_STANDARD = "gnu++14";
				CLANG_CXX_LIBRARY = "libc++";
				CLANG_ENABLE_MODULES = YES;
				CLANG_ENABLE_OBJC_ARC = YES;
				CLANG_ENABLE_OBJC_WEAK = YES;
				CLANG_WARN_BLOCK_CAPTURE_AUTORELEASING = YES;
				CLANG_WARN_BOOL_CONVERSION = YES;
				CLANG_WARN_COMMA = YES;
				CLANG_WARN_CONSTANT_CONVERSION = YES;
				CLANG_WARN_DEPRECATED_OBJC_IMPLEMENTATIONS = YES;
				CLANG_WARN_DIRECT_OBJC_ISA_USAGE = YES_ERROR;
				CLANG_WARN_DOCUMENTATION_COMMENTS = YES;
				CLANG_WARN_EMPTY_BODY = YES;
				CLANG_WARN_ENUM_CONVERSION = YES;
				CLANG_WARN_INFINITE_RECURSION = YES;
				CLANG_WARN_INT_CONVERSION = YES;
				CLANG_WARN_NON_LITERAL_NULL_CONVERSION = YES;
				CLANG_WARN_OBJC_IMPLICIT_RETAIN_SELF = YES;
				CLANG_WARN_OBJC_LITERAL_CONVERSION = YES;
				CLANG_WARN_OBJC_ROOT_CLASS = YES_ERROR;
				CLANG_WARN_RANGE_LOOP_ANALYSIS = YES;
				CLANG_WARN_STRICT_PROTOTYPES = YES;
				CLANG_WARN_SUSPICIOUS_MOVE = YES;
				CLANG_WARN_UNGUARDED_AVAILABILITY = YES_AGGRESSIVE;
				CLANG_WARN_UNREACHABLE_CODE = YES;
				CLANG_WARN__DUPLICATE_METHOD_MATCH = YES;
				CODE_SIGN_IDENTITY = "iPhone Developer";
				COPY_PHASE_STRIP = NO;
				DEBUG_INFORMATION_FORMAT = dwarf;
				ENABLE_STRICT_OBJC_MSGSEND = YES;
				ENABLE_TESTABILITY = YES;
				GCC_C_LANGUAGE_STANDARD = gnu11;
				GCC_DYNAMIC_NO_PIC = NO;
				GCC_NO_COMMON_BLOCKS = YES;
				GCC_OPTIMIZATION_LEVEL = 0;
				GCC_PREPROCESSOR_DEFINITIONS = (
					"DEBUG=1",
					"$(inherited)",
				);
				GCC_WARN_64_TO_32_BIT_CONVERSION = YES;
				GCC_WARN_ABOUT_RETURN_TYPE = YES_ERROR;
				GCC_WARN_UNDECLARED_SELECTOR = YES;
				GCC_WARN_UNINITIALIZED_AUTOS = YES_AGGRESSIVE;
				GCC_WARN_UNUSED_FUNCTION = YES;
				GCC_WARN_UNUSED_VARIABLE = YES;
				IPHONEOS_DEPLOYMENT_TARGET = 12.1;
				MTL_ENABLE_DEBUG_INFO = INCLUDE_SOURCE;
				MTL_FAST_MATH = YES;
				ONLY_ACTIVE_ARCH = YES;
				SDKROOT = iphoneos;
			};
			name = Debug;
		};
		FD1C488D21B3F16600FD55C8 /* Release */ = {
			isa = XCBuildConfiguration;
			buildSettings = {
				ALWAYS_SEARCH_USER_PATHS = NO;
				CLANG_ANALYZER_NONNULL = YES;
				CLANG_ANALYZER_NUMBER_OBJECT_CONVERSION = YES_AGGRESSIVE;
				CLANG_CXX_LANGUAGE_STANDARD = "gnu++14";
				CLANG_CXX_LIBRARY = "libc++";
				CLANG_ENABLE_MODULES = YES;
				CLANG_ENABLE_OBJC_ARC = YES;
				CLANG_ENABLE_OBJC_WEAK = YES;
				CLANG_WARN_BLOCK_CAPTURE_AUTORELEASING = YES;
				CLANG_WARN_BOOL_CONVERSION = YES;
				CLANG_WARN_COMMA = YES;
				CLANG_WARN_CONSTANT_CONVERSION = YES;
				CLANG_WARN_DEPRECATED_OBJC_IMPLEMENTATIONS = YES;
				CLANG_WARN_DIRECT_OBJC_ISA_USAGE = YES_ERROR;
				CLANG_WARN_DOCUMENTATION_COMMENTS = YES;
				CLANG_WARN_EMPTY_BODY = YES;
				CLANG_WARN_ENUM_CONVERSION = YES;
				CLANG_WARN_INFINITE_RECURSION = YES;
				CLANG_WARN_INT_CONVERSION = YES;
				CLANG_WARN_NON_LITERAL_NULL_CONVERSION = YES;
				CLANG_WARN_OBJC_IMPLICIT_RETAIN_SELF = YES;
				CLANG_WARN_OBJC_LITERAL_CONVERSION = YES;
				CLANG_WARN_OBJC_ROOT_CLASS = YES_ERROR;
				CLANG_WARN_RANGE_LOOP_ANALYSIS = YES;
				CLANG_WARN_STRICT_PROTOTYPES = YES;
				CLANG_WARN_SUSPICIOUS_MOVE = YES;
				CLANG_WARN_UNGUARDED_AVAILABILITY = YES_AGGRESSIVE;
				CLANG_WARN_UNREACHABLE_CODE = YES;
				CLANG_WARN__DUPLICATE_METHOD_MATCH = YES;
				CODE_SIGN_IDENTITY = "iPhone Developer";
				COPY_PHASE_STRIP = NO;
				DEBUG_INFORMATION_FORMAT = "dwarf-with-dsym";
				ENABLE_NS_ASSERTIONS = NO;
				ENABLE_STRICT_OBJC_MSGSEND = YES;
				GCC_C_LANGUAGE_STANDARD = gnu11;
				GCC_NO_COMMON_BLOCKS = YES;
				GCC_WARN_64_TO_32_BIT_CONVERSION = YES;
				GCC_WARN_ABOUT_RETURN_TYPE = YES_ERROR;
				GCC_WARN_UNDECLARED_SELECTOR = YES;
				GCC_WARN_UNINITIALIZED_AUTOS = YES_AGGRESSIVE;
				GCC_WARN_UNUSED_FUNCTION = YES;
				GCC_WARN_UNUSED_VARIABLE = YES;
				IPHONEOS_DEPLOYMENT_TARGET = 12.1;
				MTL_ENABLE_DEBUG_INFO = NO;
				MTL_FAST_MATH = YES;
				SDKROOT = iphoneos;
				VALIDATE_PRODUCT = YES;
			};
			name = Release;
		};
		FD1C488F21B3F16600FD55C8 /* Debug */ = {
			isa = XCBuildConfiguration;
			buildSettings = {
				ASSETCATALOG_COMPILER_APPICON_NAME = AppIcon;
				CODE_SIGN_STYLE = Automatic;
				DEVELOPMENT_TEAM = D528WGC5JH;
				INFOPLIST_FILE = uikit/Info.plist;
				IPHONEOS_DEPLOYMENT_TARGET = 11.1;
				LD_RUNPATH_SEARCH_PATHS = (
					"$(inherited)",
					"@executable_path/Frameworks",
				);
				PRODUCT_BUNDLE_IDENTIFIER = com.google.mrsuyi.uikit;
				PRODUCT_NAME = "$(TARGET_NAME)";
				TARGETED_DEVICE_FAMILY = "1,2";
			};
			name = Debug;
		};
		FD1C489021B3F16600FD55C8 /* Release */ = {
			isa = XCBuildConfiguration;
			buildSettings = {
				ASSETCATALOG_COMPILER_APPICON_NAME = AppIcon;
				CODE_SIGN_STYLE = Automatic;
				DEVELOPMENT_TEAM = D528WGC5JH;
				INFOPLIST_FILE = uikit/Info.plist;
				IPHONEOS_DEPLOYMENT_TARGET = 11.1;
				LD_RUNPATH_SEARCH_PATHS = (
					"$(inherited)",
					"@executable_path/Frameworks",
				);
				PRODUCT_BUNDLE_IDENTIFIER = com.google.mrsuyi.uikit;
				PRODUCT_NAME = "$(TARGET_NAME)";
				TARGETED_DEVICE_FAMILY = "1,2";
			};
			name = Release;
		};
/* End XCBuildConfiguration section */

/* Begin XCConfigurationList section */
		FD1C487321B3F16400FD55C8 /* Build configuration list for PBXProject "uikit" */ = {
			isa = XCConfigurationList;
			buildConfigurations = (
				FD1C488C21B3F16600FD55C8 /* Debug */,
				FD1C488D21B3F16600FD55C8 /* Release */,
			);
			defaultConfigurationIsVisible = 0;
			defaultConfigurationName = Release;
		};
		FD1C488E21B3F16600FD55C8 /* Build configuration list for PBXNativeTarget "uikit" */ = {
			isa = XCConfigurationList;
			buildConfigurations = (
				FD1C488F21B3F16600FD55C8 /* Debug */,
				FD1C489021B3F16600FD55C8 /* Release */,
			);
			defaultConfigurationIsVisible = 0;
			defaultConfigurationName = Release;
		};
/* End XCConfigurationList section */
	};
	rootObject = FD1C487021B3F16400FD55C8 /* Project object */;
}
